
Microsoft Visual Studio Solution File, Format Version 12.00
# Visual Studio Version 17
VisualStudioVersion = 17.3.32929.385
MinimumVisualStudioVersion = 10.0.40219.1
Project("{FAE04EC0-301F-11D3-BF4B-00C04F79EFBC}") = "POS", "POS\POS.csproj", "{5288F73F-D85D-45FE-86C5-9ED53B367CDD}"
EndProject
Project("{54435603-DBB4-11D2-8724-00A0C9A8B90C}") = "mPOS_SetUp", "mPOS_SetUp\mPOS_SetUp.vdproj", "{F547F253-E888-4924-8D1A-F5C06F969A5F}"
EndProject
Global
	GlobalSection(SolutionConfigurationPlatforms) = preSolution
		Debug|Any CPU = Debug|Any CPU
		Debug|x64 = Debug|x64
		Release|Any CPU = Release|Any CPU
		Release|x64 = Release|x64
	EndGlobalSection
	GlobalSection(ProjectConfigurationPlatforms) = postSolution
		{5288F73F-D85D-45FE-86C5-9ED53B367CDD}.Debug|Any CPU.ActiveCfg = Debug|Any CPU
		{5288F73F-D85D-45FE-86C5-9ED53B367CDD}.Debug|Any CPU.Build.0 = Debug|Any CPU
		{5288F73F-D85D-45FE-86C5-9ED53B367CDD}.Debug|x64.ActiveCfg = Debug|x64
		{5288F73F-D85D-45FE-86C5-9ED53B367CDD}.Debug|x64.Build.0 = Debug|x64
		{5288F73F-D85D-45FE-86C5-9ED53B367CDD}.Release|Any CPU.ActiveCfg = Release|Any CPU
		{5288F73F-D85D-45FE-86C5-9ED53B367CDD}.Release|Any CPU.Build.0 = Release|Any CPU
		{5288F73F-D85D-45FE-86C5-9ED53B367CDD}.Release|x64.ActiveCfg = Release|x64
		{5288F73F-D85D-45FE-86C5-9ED53B367CDD}.Release|x64.Build.0 = Release|x64
		{F547F253-E888-4924-8D1A-F5C06F969A5F}.Debug|Any CPU.ActiveCfg = Debug
		{F547F253-E888-4924-8D1A-F5C06F969A5F}.Debug|x64.ActiveCfg = Debug
		{F547F253-E888-4924-8D1A-F5C06F969A5F}.Release|Any CPU.ActiveCfg = Release
		{F547F253-E888-4924-8D1A-F5C06F969A5F}.Release|x64.ActiveCfg = Release
	EndGlobalSection
	GlobalSection(SolutionProperties) = preSolution
		HideSolutionNode = FALSE
	EndGlobalSection
	GlobalSection(ExtensibilityGlobals) = postSolution
		SolutionGuid = {9750F071-B8A4-4F67-B791-D6ED9DCD02C6}
	EndGlobalSection
EndGlobal
